
Microsoft Visual Studio Solution File, Format Version 12.00
# Visual Studio Version 17
VisualStudioVersion = 17.5.002.0
MinimumVisualStudioVersion = 10.0.40219.1
Project("{9A19103F-16F7-4668-BE54-9A1E7A4F7556}") = "RepoPattern", "RepoPattern\RepoPattern.csproj", "{49AA0452-60C5-4F41-AED2-9F14E493A088}"
EndProject
Global
	GlobalSection(SolutionConfigurationPlatforms) = preSolution
		Debug|Any CPU = Debug|Any CPU
		Release|Any CPU = Release|Any CPU
	EndGlobalSection
	GlobalSection(ProjectConfigurationPlatforms) = postSolution
		{49AA0452-60C5-4F41-AED2-9F14E493A088}.Debug|Any CPU.ActiveCfg = Debug|Any CPU
		{49AA0452-60C5-4F41-AED2-9F14E493A088}.Debug|Any CPU.Build.0 = Debug|Any CPU
		{49AA0452-60C5-4F41-AED2-9F14E493A088}.Release|Any CPU.ActiveCfg = Release|Any CPU
		{49AA0452-60C5-4F41-AED2-9F14E493A088}.Release|Any CPU.Build.0 = Release|Any CPU
	EndGlobalSection
	GlobalSection(SolutionProperties) = preSolution
		HideSolutionNode = FALSE
	EndGlobalSection
	GlobalSection(ExtensibilityGlobals) = postSolution
		SolutionGuid = {044B1B3D-F04F-4909-A594-16E54F15D354}
	EndGlobalSection
EndGlobal
